
Microsoft Visual Studio Solution File, Format Version 12.00
# Visual Studio Version 16
VisualStudioVersion = 16.0.31424.327
MinimumVisualStudioVersion = 10.0.40219.1
Project("{FAE04EC0-301F-11D3-BF4B-00C04F79EFBC}") = "timer_ajax", "timer_ajax\timer_ajax.csproj", "{D947B73C-0220-4C05-8371-D2E50600A18C}"
EndProject
Global
	GlobalSection(SolutionConfigurationPlatforms) = preSolution
		Debug|Any CPU = Debug|Any CPU
		Release|Any CPU = Release|Any CPU
	EndGlobalSection
	GlobalSection(ProjectConfigurationPlatforms) = postSolution
		{D947B73C-0220-4C05-8371-D2E50600A18C}.Debug|Any CPU.ActiveCfg = Debug|Any CPU
		{D947B73C-0220-4C05-8371-D2E50600A18C}.Debug|Any CPU.Build.0 = Debug|Any CPU
		{D947B73C-0220-4C05-8371-D2E50600A18C}.Release|Any CPU.ActiveCfg = Release|Any CPU
		{D947B73C-0220-4C05-8371-D2E50600A18C}.Release|Any CPU.Build.0 = Release|Any CPU
	EndGlobalSection
	GlobalSection(SolutionProperties) = preSolution
		HideSolutionNode = FALSE
	EndGlobalSection
	GlobalSection(ExtensibilityGlobals) = postSolution
		SolutionGuid = {55551F9C-11E5-423F-945B-B9258400B141}
	EndGlobalSection
EndGlobal
